
Microsoft Visual Studio Solution File, Format Version 12.00
# Visual Studio Version 17
VisualStudioVersion = 17.11.35327.3
MinimumVisualStudioVersion = 10.0.40219.1
Project("{FAE04EC0-301F-11D3-BF4B-00C04F79EFBC}") = "LatihanGithub", "LatihanGithub.csproj", "{FEC2DFB7-C858-4E11-93ED-098B476712FF}"
EndProject
Global
	GlobalSection(SolutionConfigurationPlatforms) = preSolution
		Debug|Any CPU = Debug|Any CPU
		Release|Any CPU = Release|Any CPU
	EndGlobalSection
	GlobalSection(ProjectConfigurationPlatforms) = postSolution
		{FEC2DFB7-C858-4E11-93ED-098B476712FF}.Debug|Any CPU.ActiveCfg = Debug|Any CPU
		{FEC2DFB7-C858-4E11-93ED-098B476712FF}.Debug|Any CPU.Build.0 = Debug|Any CPU
		{FEC2DFB7-C858-4E11-93ED-098B476712FF}.Release|Any CPU.ActiveCfg = Release|Any CPU
		{FEC2DFB7-C858-4E11-93ED-098B476712FF}.Release|Any CPU.Build.0 = Release|Any CPU
	EndGlobalSection
	GlobalSection(SolutionProperties) = preSolution
		HideSolutionNode = FALSE
	EndGlobalSection
	GlobalSection(ExtensibilityGlobals) = postSolution
		SolutionGuid = {125143A4-7CAD-4A8F-9A50-0EBB85640B9E}
	EndGlobalSection
EndGlobal
